
Microsoft Visual Studio Solution File, Format Version 12.00
# Visual Studio Version 17
VisualStudioVersion = 17.8.34309.116
MinimumVisualStudioVersion = 10.0.40219.1
Project("{FAE04EC0-301F-11D3-BF4B-00C04F79EFBC}") = "Gym.Uninove.Data", "src\Gym.Uninove.Data\Gym.Uninove.Data.csproj", "{576A5B55-C912-46FD-85E5-7027301DB2F8}"
EndProject
Project("{FAE04EC0-301F-11D3-BF4B-00C04F79EFBC}") = "Gym.Uninove.Core", "src\Gym.Uninove.Core\Gym.Uninove.Core.csproj", "{07F0114A-4ACA-4A29-9DC5-2A3346A5D8D3}"
EndProject
Project("{FAE04EC0-301F-11D3-BF4B-00C04F79EFBC}") = "Gym.Uninove.Web", "src\Gym.Uninove.Web\Gym.Uninove.Web.csproj", "{4799D87B-603B-4D15-A8AE-961628016DB1}"
EndProject
Global
	GlobalSection(SolutionConfigurationPlatforms) = preSolution
		Debug|Any CPU = Debug|Any CPU
		Release|Any CPU = Release|Any CPU
	EndGlobalSection
	GlobalSection(ProjectConfigurationPlatforms) = postSolution
		{576A5B55-C912-46FD-85E5-7027301DB2F8}.Debug|Any CPU.ActiveCfg = Debug|Any CPU
		{576A5B55-C912-46FD-85E5-7027301DB2F8}.Debug|Any CPU.Build.0 = Debug|Any CPU
		{576A5B55-C912-46FD-85E5-7027301DB2F8}.Release|Any CPU.ActiveCfg = Release|Any CPU
		{576A5B55-C912-46FD-85E5-7027301DB2F8}.Release|Any CPU.Build.0 = Release|Any CPU
		{07F0114A-4ACA-4A29-9DC5-2A3346A5D8D3}.Debug|Any CPU.ActiveCfg = Debug|Any CPU
		{07F0114A-4ACA-4A29-9DC5-2A3346A5D8D3}.Debug|Any CPU.Build.0 = Debug|Any CPU
		{07F0114A-4ACA-4A29-9DC5-2A3346A5D8D3}.Release|Any CPU.ActiveCfg = Release|Any CPU
		{07F0114A-4ACA-4A29-9DC5-2A3346A5D8D3}.Release|Any CPU.Build.0 = Release|Any CPU
		{4799D87B-603B-4D15-A8AE-961628016DB1}.Debug|Any CPU.ActiveCfg = Debug|Any CPU
		{4799D87B-603B-4D15-A8AE-961628016DB1}.Debug|Any CPU.Build.0 = Debug|Any CPU
		{4799D87B-603B-4D15-A8AE-961628016DB1}.Release|Any CPU.ActiveCfg = Release|Any CPU
		{4799D87B-603B-4D15-A8AE-961628016DB1}.Release|Any CPU.Build.0 = Release|Any CPU
	EndGlobalSection
	GlobalSection(SolutionProperties) = preSolution
		HideSolutionNode = FALSE
	EndGlobalSection
	GlobalSection(ExtensibilityGlobals) = postSolution
		SolutionGuid = {B439F089-7957-4F23-93D9-33E2E41059E5}
	EndGlobalSection
EndGlobal
